
Microsoft Visual Studio Solution File, Format Version 12.00
# Visual Studio 15
VisualStudioVersion = 15.0.28307.489
MinimumVisualStudioVersion = 10.0.40219.1
Project("{FAE04EC0-301F-11D3-BF4B-00C04F79EFBC}") = "AdventureWorks.Web", "AdventureWorks.Web\AdventureWorks.Web.csproj", "{79988775-BCEA-49A1-AAF2-CAF0A38497B5}"
EndProject
Global
	GlobalSection(SolutionConfigurationPlatforms) = preSolution
		Debug|Any CPU = Debug|Any CPU
		Release|Any CPU = Release|Any CPU
	EndGlobalSection
	GlobalSection(ProjectConfigurationPlatforms) = postSolution
		{79988775-BCEA-49A1-AAF2-CAF0A38497B5}.Debug|Any CPU.ActiveCfg = Debug|Any CPU
		{79988775-BCEA-49A1-AAF2-CAF0A38497B5}.Debug|Any CPU.Build.0 = Debug|Any CPU
		{79988775-BCEA-49A1-AAF2-CAF0A38497B5}.Release|Any CPU.ActiveCfg = Release|Any CPU
		{79988775-BCEA-49A1-AAF2-CAF0A38497B5}.Release|Any CPU.Build.0 = Release|Any CPU
	EndGlobalSection
	GlobalSection(SolutionProperties) = preSolution
		HideSolutionNode = FALSE
	EndGlobalSection
	GlobalSection(ExtensibilityGlobals) = postSolution
		SolutionGuid = {C3A4E599-44EE-4BD5-A80B-FB0F6D7CD4FF}
	EndGlobalSection
EndGlobal
